
Microsoft Visual Studio Solution File, Format Version 12.00
# Visual Studio Version 17
VisualStudioVersion = 17.3.32929.385
MinimumVisualStudioVersion = 10.0.40219.1
Project("{9A19103F-16F7-4668-BE54-9A1E7A4F7556}") = "DotNet.Docker.First", "DotNet.Docker.First\DotNet.Docker.First.csproj", "{BA11AD6F-566A-4571-BBA5-1019E7467983}"
EndProject
Project("{FAE04EC0-301F-11D3-BF4B-00C04F79EFBC}") = "DotNet.Docker.NUnitTest", "DotNet.Docker.NUnitTest\DotNet.Docker.NUnitTest.csproj", "{87DBEBEA-2ED7-4DF5-8CA7-C57F21A1AB12}"
EndProject
Project("{FAE04EC0-301F-11D3-BF4B-00C04F79EFBC}") = "DotNet.Docker.MSTest", "DotNet.Docker.MSTest\DotNet.Docker.MSTest.csproj", "{F90059CB-DB1B-4988-A767-5E1380620DB5}"
EndProject
Global
	GlobalSection(SolutionConfigurationPlatforms) = preSolution
		Debug|Any CPU = Debug|Any CPU
		Release|Any CPU = Release|Any CPU
	EndGlobalSection
	GlobalSection(ProjectConfigurationPlatforms) = postSolution
		{BA11AD6F-566A-4571-BBA5-1019E7467983}.Debug|Any CPU.ActiveCfg = Debug|Any CPU
		{BA11AD6F-566A-4571-BBA5-1019E7467983}.Debug|Any CPU.Build.0 = Debug|Any CPU
		{BA11AD6F-566A-4571-BBA5-1019E7467983}.Release|Any CPU.ActiveCfg = Release|Any CPU
		{BA11AD6F-566A-4571-BBA5-1019E7467983}.Release|Any CPU.Build.0 = Release|Any CPU
		{87DBEBEA-2ED7-4DF5-8CA7-C57F21A1AB12}.Debug|Any CPU.ActiveCfg = Debug|Any CPU
		{87DBEBEA-2ED7-4DF5-8CA7-C57F21A1AB12}.Debug|Any CPU.Build.0 = Debug|Any CPU
		{87DBEBEA-2ED7-4DF5-8CA7-C57F21A1AB12}.Release|Any CPU.ActiveCfg = Release|Any CPU
		{87DBEBEA-2ED7-4DF5-8CA7-C57F21A1AB12}.Release|Any CPU.Build.0 = Release|Any CPU
		{F90059CB-DB1B-4988-A767-5E1380620DB5}.Debug|Any CPU.ActiveCfg = Debug|Any CPU
		{F90059CB-DB1B-4988-A767-5E1380620DB5}.Debug|Any CPU.Build.0 = Debug|Any CPU
		{F90059CB-DB1B-4988-A767-5E1380620DB5}.Release|Any CPU.ActiveCfg = Release|Any CPU
		{F90059CB-DB1B-4988-A767-5E1380620DB5}.Release|Any CPU.Build.0 = Release|Any CPU
	EndGlobalSection
	GlobalSection(SolutionProperties) = preSolution
		HideSolutionNode = FALSE
	EndGlobalSection
	GlobalSection(ExtensibilityGlobals) = postSolution
		SolutionGuid = {5350AAFB-07D7-4733-9C6A-2718E4E5CC86}
	EndGlobalSection
EndGlobal
